// !$*UTF8*$!
{
	archiveVersion = 1;
	classes = {
	};
	objectVersion = 50;
	objects = {

/* Begin PBXBuildFile section */
		D625BE8127067615007EB1BF /* extensionString.swift in Sources */ = {isa = PBXBuildFile; fileRef = D625BE8027067615007EB1BF /* extensionString.swift */; };
		D631764C26F6801500C6316C /* AppDelegate.swift in Sources */ = {isa = PBXBuildFile; fileRef = D631764B26F6801500C6316C /* AppDelegate.swift */; };
		D631764E26F6801500C6316C /* SceneDelegate.swift in Sources */ = {isa = PBXBuildFile; fileRef = D631764D26F6801500C6316C /* SceneDelegate.swift */; };
		D631765326F6801500C6316C /* Main.storyboard in Resources */ = {isa = PBXBuildFile; fileRef = D631765126F6801500C6316C /* Main.storyboard */; };
		D631765526F6801700C6316C /* Assets.xcassets in Resources */ = {isa = PBXBuildFile; fileRef = D631765426F6801700C6316C /* Assets.xcassets */; };
		D631765826F6801700C6316C /* LaunchScreen.storyboard in Resources */ = {isa = PBXBuildFile; fileRef = D631765626F6801700C6316C /* LaunchScreen.storyboard */; };
		D631766326F6801700C6316C /* WeatherServiceTestCase.swift in Sources */ = {isa = PBXBuildFile; fileRef = D631766226F6801700C6316C /* WeatherServiceTestCase.swift */; };
		D631766E26F6801700C6316C /* Le_Baluchon__P_9_UITests.swift in Sources */ = {isa = PBXBuildFile; fileRef = D631766D26F6801700C6316C /* Le_Baluchon__P_9_UITests.swift */; };
		D6367AE52711D8B00098D9BA /* FakeWeatherResponseData.swift in Sources */ = {isa = PBXBuildFile; fileRef = D6367AE42711D8B00098D9BA /* FakeWeatherResponseData.swift */; };
		D6367AE72711D8CC0098D9BA /* Weather.json in Resources */ = {isa = PBXBuildFile; fileRef = D6367AE62711D8CC0098D9BA /* Weather.json */; };
		D6367AEB27120D2F0098D9BA /* URLSessionFake.swift in Sources */ = {isa = PBXBuildFile; fileRef = D6367AEA27120D2F0098D9BA /* URLSessionFake.swift */; };
		D648986A26FF6B82003309CC /* Weather.swift in Sources */ = {isa = PBXBuildFile; fileRef = D648986926FF6B82003309CC /* Weather.swift */; };
		D656E63326F6A3A100CB918E /* WeatherViewController.swift in Sources */ = {isa = PBXBuildFile; fileRef = D656E63226F6A3A100CB918E /* WeatherViewController.swift */; };
		D656E63526F6AC2500CB918E /* TranslatorViewController.swift in Sources */ = {isa = PBXBuildFile; fileRef = D656E63426F6AC2500CB918E /* TranslatorViewController.swift */; };
		D656E63726F6AC6E00CB918E /* ExchangeViewController.swift in Sources */ = {isa = PBXBuildFile; fileRef = D656E63626F6AC6E00CB918E /* ExchangeViewController.swift */; };
		D6766BA2271E046B00307D58 /* FakeTranslatorResponseData.swift in Sources */ = {isa = PBXBuildFile; fileRef = D6766BA1271E046B00307D58 /* FakeTranslatorResponseData.swift */; };
		D6766BA4271E049A00307D58 /* TranslatorServiceTestCase.swift in Sources */ = {isa = PBXBuildFile; fileRef = D6766BA3271E049A00307D58 /* TranslatorServiceTestCase.swift */; };
		D6766BA6271E04C300307D58 /* Translate.json in Resources */ = {isa = PBXBuildFile; fileRef = D6766BA5271E04C300307D58 /* Translate.json */; };
		D6766BA8271E04E400307D58 /* FakeExchangeResponseData.swift in Sources */ = {isa = PBXBuildFile; fileRef = D6766BA7271E04E400307D58 /* FakeExchangeResponseData.swift */; };
		D6766BAA271E050B00307D58 /* ExchangeServiceTestCase.swift in Sources */ = {isa = PBXBuildFile; fileRef = D6766BA9271E050B00307D58 /* ExchangeServiceTestCase.swift */; };
		D6766BAC271E052200307D58 /* Exchange.json in Resources */ = {isa = PBXBuildFile; fileRef = D6766BAB271E052100307D58 /* Exchange.json */; };
		D691DEE227074F1200762662 /* Translator.swift in Sources */ = {isa = PBXBuildFile; fileRef = D691DEE127074F1200762662 /* Translator.swift */; };
		D6D7BC322714F4560030E5E3 /* Exchange.swift in Sources */ = {isa = PBXBuildFile; fileRef = D6D7BC312714F4560030E5E3 /* Exchange.swift */; };
		D6EAB8C026FE69B500F57A66 /* WeatherServices.swift in Sources */ = {isa = PBXBuildFile; fileRef = D6EAB8BF26FE69B500F57A66 /* WeatherServices.swift */; };
		D6EAB8C226FE69C400F57A66 /* TranslatorServices.swift in Sources */ = {isa = PBXBuildFile; fileRef = D6EAB8C126FE69C400F57A66 /* TranslatorServices.swift */; };
		D6EAB8C426FE69D500F57A66 /* ExchangeServices.swift in Sources */ = {isa = PBXBuildFile; fileRef = D6EAB8C326FE69D500F57A66 /* ExchangeServices.swift */; };
/* End PBXBuildFile section */

/* Begin PBXContainerItemProxy section */
		D631765F26F6801700C6316C /* PBXContainerItemProxy */ = {
			isa = PBXContainerItemProxy;
			containerPortal = D631764026F6801500C6316C /* Project object */;
			proxyType = 1;
			remoteGlobalIDString = D631764726F6801500C6316C;
			remoteInfo = "Le Baluchon (P.9)";
		};
		D631766A26F6801700C6316C /* PBXContainerItemProxy */ = {
			isa = PBXContainerItemProxy;
			containerPortal = D631764026F6801500C6316C /* Project object */;
			proxyType = 1;
			remoteGlobalIDString = D631764726F6801500C6316C;
			remoteInfo = "Le Baluchon (P.9)";
		};
/* End PBXContainerItemProxy section */

/* Begin PBXFileReference section */
		D625BE8027067615007EB1BF /* extensionString.swift */ = {isa = PBXFileReference; lastKnownFileType = sourcecode.swift; path = extensionString.swift; sourceTree = "<group>"; };
		D631764826F6801500C6316C /* Le Baluchon (P.9).app */ = {isa = PBXFileReference; explicitFileType = wrapper.application; includeInIndex = 0; path = "Le Baluchon (P.9).app"; sourceTree = BUILT_PRODUCTS_DIR; };
		D631764B26F6801500C6316C /* AppDelegate.swift */ = {isa = PBXFileReference; lastKnownFileType = sourcecode.swift; path = AppDelegate.swift; sourceTree = "<group>"; };
		D631764D26F6801500C6316C /* SceneDelegate.swift */ = {isa = PBXFileReference; lastKnownFileType = sourcecode.swift; path = SceneDelegate.swift; sourceTree = "<group>"; };
		D631765226F6801500C6316C /* Base */ = {isa = PBXFileReference; lastKnownFileType = file.storyboard; name = Base; path = Base.lproj/Main.storyboard; sourceTree = "<group>"; };
		D631765426F6801700C6316C /* Assets.xcassets */ = {isa = PBXFileReference; lastKnownFileType = folder.assetcatalog; path = Assets.xcassets; sourceTree = "<group>"; };
		D631765726F6801700C6316C /* Base */ = {isa = PBXFileReference; lastKnownFileType = file.storyboard; name = Base; path = Base.lproj/LaunchScreen.storyboard; sourceTree = "<group>"; };
		D631765926F6801700C6316C /* Info.plist */ = {isa = PBXFileReference; lastKnownFileType = text.plist.xml; path = Info.plist; sourceTree = "<group>"; };
		D631765E26F6801700C6316C /* Le Baluchon (P.9)Tests.xctest */ = {isa = PBXFileReference; explicitFileType = wrapper.cfbundle; includeInIndex = 0; path = "Le Baluchon (P.9)Tests.xctest"; sourceTree = BUILT_PRODUCTS_DIR; };
		D631766226F6801700C6316C /* WeatherServiceTestCase.swift */ = {isa = PBXFileReference; lastKnownFileType = sourcecode.swift; path = WeatherServiceTestCase.swift; sourceTree = "<group>"; };
		D631766426F6801700C6316C /* Info.plist */ = {isa = PBXFileReference; lastKnownFileType = text.plist.xml; path = Info.plist; sourceTree = "<group>"; };
		D631766926F6801700C6316C /* Le Baluchon (P.9)UITests.xctest */ = {isa = PBXFileReference; explicitFileType = wrapper.cfbundle; includeInIndex = 0; path = "Le Baluchon (P.9)UITests.xctest"; sourceTree = BUILT_PRODUCTS_DIR; };
		D631766D26F6801700C6316C /* Le_Baluchon__P_9_UITests.swift */ = {isa = PBXFileReference; lastKnownFileType = sourcecode.swift; path = Le_Baluchon__P_9_UITests.swift; sourceTree = "<group>"; };
		D631766F26F6801700C6316C /* Info.plist */ = {isa = PBXFileReference; lastKnownFileType = text.plist.xml; path = Info.plist; sourceTree = "<group>"; };
		D6367AE42711D8B00098D9BA /* FakeWeatherResponseData.swift */ = {isa = PBXFileReference; lastKnownFileType = sourcecode.swift; path = FakeWeatherResponseData.swift; sourceTree = "<group>"; };
		D6367AE62711D8CC0098D9BA /* Weather.json */ = {isa = PBXFileReference; lastKnownFileType = text.json; path = Weather.json; sourceTree = "<group>"; };
		D6367AEA27120D2F0098D9BA /* URLSessionFake.swift */ = {isa = PBXFileReference; lastKnownFileType = sourcecode.swift; path = URLSessionFake.swift; sourceTree = "<group>"; };
		D648986926FF6B82003309CC /* Weather.swift */ = {isa = PBXFileReference; lastKnownFileType = sourcecode.swift; path = Weather.swift; sourceTree = "<group>"; };
		D656E63226F6A3A100CB918E /* WeatherViewController.swift */ = {isa = PBXFileReference; lastKnownFileType = sourcecode.swift; path = WeatherViewController.swift; sourceTree = "<group>"; };
		D656E63426F6AC2500CB918E /* TranslatorViewController.swift */ = {isa = PBXFileReference; lastKnownFileType = sourcecode.swift; path = TranslatorViewController.swift; sourceTree = "<group>"; };
		D656E63626F6AC6E00CB918E /* ExchangeViewController.swift */ = {isa = PBXFileReference; lastKnownFileType = sourcecode.swift; path = ExchangeViewController.swift; sourceTree = "<group>"; };
		D6766BA1271E046B00307D58 /* FakeTranslatorResponseData.swift */ = {isa = PBXFileReference; lastKnownFileType = sourcecode.swift; path = FakeTranslatorResponseData.swift; sourceTree = "<group>"; };
		D6766BA3271E049A00307D58 /* TranslatorServiceTestCase.swift */ = {isa = PBXFileReference; lastKnownFileType = sourcecode.swift; path = TranslatorServiceTestCase.swift; sourceTree = "<group>"; };
		D6766BA5271E04C300307D58 /* Translate.json */ = {isa = PBXFileReference; lastKnownFileType = text.json; path = Translate.json; sourceTree = "<group>"; };
		D6766BA7271E04E400307D58 /* FakeExchangeResponseData.swift */ = {isa = PBXFileReference; lastKnownFileType = sourcecode.swift; name = FakeExchangeResponseData.swift; path = "Le Baluchon (P.9)Tests/TranslatorTests/FakeExchangeResponseData.swift"; sourceTree = SOURCE_ROOT; };
		D6766BA9271E050B00307D58 /* ExchangeServiceTestCase.swift */ = {isa = PBXFileReference; lastKnownFileType = sourcecode.swift; path = ExchangeServiceTestCase.swift; sourceTree = "<group>"; };
		D6766BAB271E052100307D58 /* Exchange.json */ = {isa = PBXFileReference; lastKnownFileType = text.json; path = Exchange.json; sourceTree = "<group>"; };
		D691DEE127074F1200762662 /* Translator.swift */ = {isa = PBXFileReference; lastKnownFileType = sourcecode.swift; path = Translator.swift; sourceTree = "<group>"; };
		D6D7BC312714F4560030E5E3 /* Exchange.swift */ = {isa = PBXFileReference; lastKnownFileType = sourcecode.swift; path = Exchange.swift; sourceTree = "<group>"; };
		D6EAB8BF26FE69B500F57A66 /* WeatherServices.swift */ = {isa = PBXFileReference; lastKnownFileType = sourcecode.swift; path = WeatherServices.swift; sourceTree = "<group>"; };
		D6EAB8C126FE69C400F57A66 /* TranslatorServices.swift */ = {isa = PBXFileReference; lastKnownFileType = sourcecode.swift; path = TranslatorServices.swift; sourceTree = "<group>"; };
		D6EAB8C326FE69D500F57A66 /* ExchangeServices.swift */ = {isa = PBXFileReference; lastKnownFileType = sourcecode.swift; path = ExchangeServices.swift; sourceTree = "<group>"; };
/* End PBXFileReference section */

/* Begin PBXFrameworksBuildPhase section */
		D631764526F6801500C6316C /* Frameworks */ = {
			isa = PBXFrameworksBuildPhase;
			buildActionMask = 2147483647;
			files = (
			);
			runOnlyForDeploymentPostprocessing = 0;
		};
		D631765B26F6801700C6316C /* Frameworks */ = {
			isa = PBXFrameworksBuildPhase;
			buildActionMask = 2147483647;
			files = (
			);
			runOnlyForDeploymentPostprocessing = 0;
		};
		D631766626F6801700C6316C /* Frameworks */ = {
			isa = PBXFrameworksBuildPhase;
			buildActionMask = 2147483647;
			files = (
			);
			runOnlyForDeploymentPostprocessing = 0;
		};
/* End PBXFrameworksBuildPhase section */

/* Begin PBXGroup section */
		D631763F26F6801500C6316C = {
			isa = PBXGroup;
			children = (
				D631764A26F6801500C6316C /* Le Baluchon (P.9) */,
				D631766126F6801700C6316C /* Le Baluchon (P.9)Tests */,
				D631766C26F6801700C6316C /* Le Baluchon (P.9)UITests */,
				D631764926F6801500C6316C /* Products */,
			);
			sourceTree = "<group>";
		};
		D631764926F6801500C6316C /* Products */ = {
			isa = PBXGroup;
			children = (
				D631764826F6801500C6316C /* Le Baluchon (P.9).app */,
				D631765E26F6801700C6316C /* Le Baluchon (P.9)Tests.xctest */,
				D631766926F6801700C6316C /* Le Baluchon (P.9)UITests.xctest */,
			);
			name = Products;
			sourceTree = "<group>";
		};
		D631764A26F6801500C6316C /* Le Baluchon (P.9) */ = {
			isa = PBXGroup;
			children = (
				D631765926F6801700C6316C /* Info.plist */,
				D631767E26F680D400C6316C /* Supporting files */,
				D631767B26F680AC00C6316C /* Model */,
				D631767C26F680B800C6316C /* View */,
				D631767D26F680BE00C6316C /* Controller */,
			);
			path = "Le Baluchon (P.9)";
			sourceTree = "<group>";
		};
		D631766126F6801700C6316C /* Le Baluchon (P.9)Tests */ = {
			isa = PBXGroup;
			children = (
				D6367AEA27120D2F0098D9BA /* URLSessionFake.swift */,
				D6766B9E271E00BE00307D58 /* WeatherTests */,
				D6766B9F271E00DC00307D58 /* TranslatorTests */,
				D6766BA0271E00ED00307D58 /* ExchangeTests */,
				D631766426F6801700C6316C /* Info.plist */,
			);
			path = "Le Baluchon (P.9)Tests";
			sourceTree = "<group>";
		};
		D631766C26F6801700C6316C /* Le Baluchon (P.9)UITests */ = {
			isa = PBXGroup;
			children = (
				D631766D26F6801700C6316C /* Le_Baluchon__P_9_UITests.swift */,
				D631766F26F6801700C6316C /* Info.plist */,
			);
			path = "Le Baluchon (P.9)UITests";
			sourceTree = "<group>";
		};
		D631767B26F680AC00C6316C /* Model */ = {
			isa = PBXGroup;
			children = (
				D693714B2703381D0005DEDC /* Weather */,
				D693714C270338320005DEDC /* Translator */,
				D693714D270338400005DEDC /* Exchange */,
			);
			path = Model;
			sourceTree = "<group>";
		};
		D631767C26F680B800C6316C /* View */ = {
			isa = PBXGroup;
			children = (
				D631765126F6801500C6316C /* Main.storyboard */,
				D625BE8027067615007EB1BF /* extensionString.swift */,
			);
			path = View;
			sourceTree = "<group>";
		};
		D631767D26F680BE00C6316C /* Controller */ = {
			isa = PBXGroup;
			children = (
				D656E63226F6A3A100CB918E /* WeatherViewController.swift */,
				D656E63426F6AC2500CB918E /* TranslatorViewController.swift */,
				D656E63626F6AC6E00CB918E /* ExchangeViewController.swift */,
			);
			path = Controller;
			sourceTree = "<group>";
		};
		D631767E26F680D400C6316C /* Supporting files */ = {
			isa = PBXGroup;
			children = (
				D631764B26F6801500C6316C /* AppDelegate.swift */,
				D631764D26F6801500C6316C /* SceneDelegate.swift */,
				D631765626F6801700C6316C /* LaunchScreen.storyboard */,
				D631765426F6801700C6316C /* Assets.xcassets */,
			);
			path = "Supporting files";
			sourceTree = "<group>";
		};
		D6766B9E271E00BE00307D58 /* WeatherTests */ = {
			isa = PBXGroup;
			children = (
				D631766226F6801700C6316C /* WeatherServiceTestCase.swift */,
				D6367AE42711D8B00098D9BA /* FakeWeatherResponseData.swift */,
				D6367AE62711D8CC0098D9BA /* Weather.json */,
			);
			path = WeatherTests;
			sourceTree = "<group>";
		};
		D6766B9F271E00DC00307D58 /* TranslatorTests */ = {
			isa = PBXGroup;
			children = (
				D6766BA3271E049A00307D58 /* TranslatorServiceTestCase.swift */,
				D6766BA1271E046B00307D58 /* FakeTranslatorResponseData.swift */,
				D6766BA5271E04C300307D58 /* Translate.json */,
			);
			path = TranslatorTests;
			sourceTree = "<group>";
		};
		D6766BA0271E00ED00307D58 /* ExchangeTests */ = {
			isa = PBXGroup;
			children = (
				D6766BA9271E050B00307D58 /* ExchangeServiceTestCase.swift */,
				D6766BA7271E04E400307D58 /* FakeExchangeResponseData.swift */,
				D6766BAB271E052100307D58 /* Exchange.json */,
			);
			path = ExchangeTests;
			sourceTree = "<group>";
		};
		D693714B2703381D0005DEDC /* Weather */ = {
			isa = PBXGroup;
			children = (
				D6EAB8BF26FE69B500F57A66 /* WeatherServices.swift */,
				D648986926FF6B82003309CC /* Weather.swift */,
			);
			path = Weather;
			sourceTree = "<group>";
		};
		D693714C270338320005DEDC /* Translator */ = {
			isa = PBXGroup;
			children = (
				D6EAB8C126FE69C400F57A66 /* TranslatorServices.swift */,
				D691DEE127074F1200762662 /* Translator.swift */,
			);
			path = Translator;
			sourceTree = "<group>";
		};
		D693714D270338400005DEDC /* Exchange */ = {
			isa = PBXGroup;
			children = (
				D6EAB8C326FE69D500F57A66 /* ExchangeServices.swift */,
				D6D7BC312714F4560030E5E3 /* Exchange.swift */,
			);
			path = Exchange;
			sourceTree = "<group>";
		};
/* End PBXGroup section */

/* Begin PBXNativeTarget section */
		D631764726F6801500C6316C /* Le Baluchon (P.9) */ = {
			isa = PBXNativeTarget;
			buildConfigurationList = D631767226F6801700C6316C /* Build configuration list for PBXNativeTarget "Le Baluchon (P.9)" */;
			buildPhases = (
				D631764426F6801500C6316C /* Sources */,
				D631764526F6801500C6316C /* Frameworks */,
				D631764626F6801500C6316C /* Resources */,
			);
			buildRules = (
			);
			dependencies = (
			);
			name = "Le Baluchon (P.9)";
			productName = "Le Baluchon (P.9)";
			productReference = D631764826F6801500C6316C /* Le Baluchon (P.9).app */;
			productType = "com.apple.product-type.application";
		};
		D631765D26F6801700C6316C /* Le Baluchon (P.9)Tests */ = {
			isa = PBXNativeTarget;
			buildConfigurationList = D631767526F6801700C6316C /* Build configuration list for PBXNativeTarget "Le Baluchon (P.9)Tests" */;
			buildPhases = (
				D631765A26F6801700C6316C /* Sources */,
				D631765B26F6801700C6316C /* Frameworks */,
				D631765C26F6801700C6316C /* Resources */,
			);
			buildRules = (
			);
			dependencies = (
				D631766026F6801700C6316C /* PBXTargetDependency */,
			);
			name = "Le Baluchon (P.9)Tests";
			productName = "Le Baluchon (P.9)Tests";
			productReference = D631765E26F6801700C6316C /* Le Baluchon (P.9)Tests.xctest */;
			productType = "com.apple.product-type.bundle.unit-test";
		};
		D631766826F6801700C6316C /* Le Baluchon (P.9)UITests */ = {
			isa = PBXNativeTarget;
			buildConfigurationList = D631767826F6801700C6316C /* Build configuration list for PBXNativeTarget "Le Baluchon (P.9)UITests" */;
			buildPhases = (
				D631766526F6801700C6316C /* Sources */,
				D631766626F6801700C6316C /* Frameworks */,
				D631766726F6801700C6316C /* Resources */,
			);
			buildRules = (
			);
			dependencies = (
				D631766B26F6801700C6316C /* PBXTargetDependency */,
			);
			name = "Le Baluchon (P.9)UITests";
			productName = "Le Baluchon (P.9)UITests";
			productReference = D631766926F6801700C6316C /* Le Baluchon (P.9)UITests.xctest */;
			productType = "com.apple.product-type.bundle.ui-testing";
		};
/* End PBXNativeTarget section */

/* Begin PBXProject section */
		D631764026F6801500C6316C /* Project object */ = {
			isa = PBXProject;
			attributes = {
				LastSwiftUpdateCheck = 1250;
				LastUpgradeCheck = 1250;
				TargetAttributes = {
					D631764726F6801500C6316C = {
						CreatedOnToolsVersion = 12.5.1;
					};
					D631765D26F6801700C6316C = {
						CreatedOnToolsVersion = 12.5.1;
						TestTargetID = D631764726F6801500C6316C;
					};
					D631766826F6801700C6316C = {
						CreatedOnToolsVersion = 12.5.1;
						TestTargetID = D631764726F6801500C6316C;
					};
				};
			};
			buildConfigurationList = D631764326F6801500C6316C /* Build configuration list for PBXProject "Le Baluchon (P.9)" */;
			compatibilityVersion = "Xcode 9.3";
			developmentRegion = en;
			hasScannedForEncodings = 0;
			knownRegions = (
				en,
				Base,
			);
			mainGroup = D631763F26F6801500C6316C;
			productRefGroup = D631764926F6801500C6316C /* Products */;
			projectDirPath = "";
			projectRoot = "";
			targets = (
				D631764726F6801500C6316C /* Le Baluchon (P.9) */,
				D631765D26F6801700C6316C /* Le Baluchon (P.9)Tests */,
				D631766826F6801700C6316C /* Le Baluchon (P.9)UITests */,
			);
		};
/* End PBXProject section */

/* Begin PBXResourcesBuildPhase section */
		D631764626F6801500C6316C /* Resources */ = {
			isa = PBXResourcesBuildPhase;
			buildActionMask = 2147483647;
			files = (
				D631765826F6801700C6316C /* LaunchScreen.storyboard in Resources */,
				D631765526F6801700C6316C /* Assets.xcassets in Resources */,
				D631765326F6801500C6316C /* Main.storyboard in Resources */,
			);
			runOnlyForDeploymentPostprocessing = 0;
		};
		D631765C26F6801700C6316C /* Resources */ = {
			isa = PBXResourcesBuildPhase;
			buildActionMask = 2147483647;
			files = (
				D6766BAC271E052200307D58 /* Exchange.json in Resources */,
				D6766BA6271E04C300307D58 /* Translate.json in Resources */,
				D6367AE72711D8CC0098D9BA /* Weather.json in Resources */,
			);
			runOnlyForDeploymentPostprocessing = 0;
		};
		D631766726F6801700C6316C /* Resources */ = {
			isa = PBXResourcesBuildPhase;
			buildActionMask = 2147483647;
			files = (
			);
			runOnlyForDeploymentPostprocessing = 0;
		};
/* End PBXResourcesBuildPhase section */

/* Begin PBXSourcesBuildPhase section */
		D631764426F6801500C6316C /* Sources */ = {
			isa = PBXSourcesBuildPhase;
			buildActionMask = 2147483647;
			files = (
				D691DEE227074F1200762662 /* Translator.swift in Sources */,
				D6EAB8C426FE69D500F57A66 /* ExchangeServices.swift in Sources */,
				D6EAB8C026FE69B500F57A66 /* WeatherServices.swift in Sources */,
				D631764C26F6801500C6316C /* AppDelegate.swift in Sources */,
				D656E63726F6AC6E00CB918E /* ExchangeViewController.swift in Sources */,
				D6EAB8C226FE69C400F57A66 /* TranslatorServices.swift in Sources */,
				D656E63526F6AC2500CB918E /* TranslatorViewController.swift in Sources */,
				D631764E26F6801500C6316C /* SceneDelegate.swift in Sources */,
				D6D7BC322714F4560030E5E3 /* Exchange.swift in Sources */,
				D656E63326F6A3A100CB918E /* WeatherViewController.swift in Sources */,
				D625BE8127067615007EB1BF /* extensionString.swift in Sources */,
				D648986A26FF6B82003309CC /* Weather.swift in Sources */,
			);
			runOnlyForDeploymentPostprocessing = 0;
		};
		D631765A26F6801700C6316C /* Sources */ = {
			isa = PBXSourcesBuildPhase;
			buildActionMask = 2147483647;
			files = (
				D6766BA4271E049A00307D58 /* TranslatorServiceTestCase.swift in Sources */,
				D6766BAA271E050B00307D58 /* ExchangeServiceTestCase.swift in Sources */,
				D631766326F6801700C6316C /* WeatherServiceTestCase.swift in Sources */,
				D6367AEB27120D2F0098D9BA /* URLSessionFake.swift in Sources */,
				D6766BA2271E046B00307D58 /* FakeTranslatorResponseData.swift in Sources */,
				D6766BA8271E04E400307D58 /* FakeExchangeResponseData.swift in Sources */,
				D6367AE52711D8B00098D9BA /* FakeWeatherResponseData.swift in Sources */,
			);
			runOnlyForDeploymentPostprocessing = 0;
		};
		D631766526F6801700C6316C /* Sources */ = {
			isa = PBXSourcesBuildPhase;
			buildActionMask = 2147483647;
			files = (
				D631766E26F6801700C6316C /* Le_Baluchon__P_9_UITests.swift in Sources */,
			);
			runOnlyForDeploymentPostprocessing = 0;
		};
/* End PBXSourcesBuildPhase section */

/* Begin PBXTargetDependency section */
		D631766026F6801700C6316C /* PBXTargetDependency */ = {
			isa = PBXTargetDependency;
			target = D631764726F6801500C6316C /* Le Baluchon (P.9) */;
			targetProxy = D631765F26F6801700C6316C /* PBXContainerItemProxy */;
		};
		D631766B26F6801700C6316C /* PBXTargetDependency */ = {
			isa = PBXTargetDependency;
			target = D631764726F6801500C6316C /* Le Baluchon (P.9) */;
			targetProxy = D631766A26F6801700C6316C /* PBXContainerItemProxy */;
		};
/* End PBXTargetDependency section */

/* Begin PBXVariantGroup section */
		D631765126F6801500C6316C /* Main.storyboard */ = {
			isa = PBXVariantGroup;
			children = (
				D631765226F6801500C6316C /* Base */,
			);
			name = Main.storyboard;
			sourceTree = "<group>";
		};
		D631765626F6801700C6316C /* LaunchScreen.storyboard */ = {
			isa = PBXVariantGroup;
			children = (
				D631765726F6801700C6316C /* Base */,
			);
			name = LaunchScreen.storyboard;
			sourceTree = "<group>";
		};
/* End PBXVariantGroup section */

/* Begin XCBuildConfiguration section */
		D631767026F6801700C6316C /* Debug */ = {
			isa = XCBuildConfiguration;
			buildSettings = {
				ALWAYS_SEARCH_USER_PATHS = NO;
				CLANG_ANALYZER_NONNULL = YES;
				CLANG_ANALYZER_NUMBER_OBJECT_CONVERSION = YES_AGGRESSIVE;
				CLANG_CXX_LANGUAGE_STANDARD = "gnu++14";
				CLANG_CXX_LIBRARY = "libc++";
				CLANG_ENABLE_MODULES = YES;
				CLANG_ENABLE_OBJC_ARC = YES;
				CLANG_ENABLE_OBJC_WEAK = YES;
				CLANG_WARN_BLOCK_CAPTURE_AUTORELEASING = YES;
				CLANG_WARN_BOOL_CONVERSION = YES;
				CLANG_WARN_COMMA = YES;
				CLANG_WARN_CONSTANT_CONVERSION = YES;
				CLANG_WARN_DEPRECATED_OBJC_IMPLEMENTATIONS = YES;
				CLANG_WARN_DIRECT_OBJC_ISA_USAGE = YES_ERROR;
				CLANG_WARN_DOCUMENTATION_COMMENTS = YES;
				CLANG_WARN_EMPTY_BODY = YES;
				CLANG_WARN_ENUM_CONVERSION = YES;
				CLANG_WARN_INFINITE_RECURSION = YES;
				CLANG_WARN_INT_CONVERSION = YES;
				CLANG_WARN_NON_LITERAL_NULL_CONVERSION = YES;
				CLANG_WARN_OBJC_IMPLICIT_RETAIN_SELF = YES;
				CLANG_WARN_OBJC_LITERAL_CONVERSION = YES;
				CLANG_WARN_OBJC_ROOT_CLASS = YES_ERROR;
				CLANG_WARN_QUOTED_INCLUDE_IN_FRAMEWORK_HEADER = YES;
				CLANG_WARN_RANGE_LOOP_ANALYSIS = YES;
				CLANG_WARN_STRICT_PROTOTYPES = YES;
				CLANG_WARN_SUSPICIOUS_MOVE = YES;
				CLANG_WARN_UNGUARDED_AVAILABILITY = YES_AGGRESSIVE;
				CLANG_WARN_UNREACHABLE_CODE = YES;
				CLANG_WARN__DUPLICATE_METHOD_MATCH = YES;
				COPY_PHASE_STRIP = NO;
				DEBUG_INFORMATION_FORMAT = dwarf;
				ENABLE_STRICT_OBJC_MSGSEND = YES;
				ENABLE_TESTABILITY = YES;
				GCC_C_LANGUAGE_STANDARD = gnu11;
				GCC_DYNAMIC_NO_PIC = NO;
				GCC_NO_COMMON_BLOCKS = YES;
				GCC_OPTIMIZATION_LEVEL = 0;
				GCC_PREPROCESSOR_DEFINITIONS = (
					"DEBUG=1",
					"$(inherited)",
				);
				GCC_WARN_64_TO_32_BIT_CONVERSION = YES;
				GCC_WARN_ABOUT_RETURN_TYPE = YES_ERROR;
				GCC_WARN_UNDECLARED_SELECTOR = YES;
				GCC_WARN_UNINITIALIZED_AUTOS = YES_AGGRESSIVE;
				GCC_WARN_UNUSED_FUNCTION = YES;
				GCC_WARN_UNUSED_VARIABLE = YES;
				IPHONEOS_DEPLOYMENT_TARGET = 14.5;
				MTL_ENABLE_DEBUG_INFO = INCLUDE_SOURCE;
				MTL_FAST_MATH = YES;
				ONLY_ACTIVE_ARCH = YES;
				SDKROOT = iphoneos;
				SWIFT_ACTIVE_COMPILATION_CONDITIONS = DEBUG;
				SWIFT_OPTIMIZATION_LEVEL = "-Onone";
			};
			name = Debug;
		};
		D631767126F6801700C6316C /* Release */ = {
			isa = XCBuildConfiguration;
			buildSettings = {
				ALWAYS_SEARCH_USER_PATHS = NO;
				CLANG_ANALYZER_NONNULL = YES;
				CLANG_ANALYZER_NUMBER_OBJECT_CONVERSION = YES_AGGRESSIVE;
				CLANG_CXX_LANGUAGE_STANDARD = "gnu++14";
				CLANG_CXX_LIBRARY = "libc++";
				CLANG_ENABLE_MODULES = YES;
				CLANG_ENABLE_OBJC_ARC = YES;
				CLANG_ENABLE_OBJC_WEAK = YES;
				CLANG_WARN_BLOCK_CAPTURE_AUTORELEASING = YES;
				CLANG_WARN_BOOL_CONVERSION = YES;
				CLANG_WARN_COMMA = YES;
				CLANG_WARN_CONSTANT_CONVERSION = YES;
				CLANG_WARN_DEPRECATED_OBJC_IMPLEMENTATIONS = YES;
				CLANG_WARN_DIRECT_OBJC_ISA_USAGE = YES_ERROR;
				CLANG_WARN_DOCUMENTATION_COMMENTS = YES;
				CLANG_WARN_EMPTY_BODY = YES;
				CLANG_WARN_ENUM_CONVERSION = YES;
				CLANG_WARN_INFINITE_RECURSION = YES;
				CLANG_WARN_INT_CONVERSION = YES;
				CLANG_WARN_NON_LITERAL_NULL_CONVERSION = YES;
				CLANG_WARN_OBJC_IMPLICIT_RETAIN_SELF = YES;
				CLANG_WARN_OBJC_LITERAL_CONVERSION = YES;
				CLANG_WARN_OBJC_ROOT_CLASS = YES_ERROR;
				CLANG_WARN_QUOTED_INCLUDE_IN_FRAMEWORK_HEADER = YES;
				CLANG_WARN_RANGE_LOOP_ANALYSIS = YES;
				CLANG_WARN_STRICT_PROTOTYPES = YES;
				CLANG_WARN_SUSPICIOUS_MOVE = YES;
				CLANG_WARN_UNGUARDED_AVAILABILITY = YES_AGGRESSIVE;
				CLANG_WARN_UNREACHABLE_CODE = YES;
				CLANG_WARN__DUPLICATE_METHOD_MATCH = YES;
				COPY_PHASE_STRIP = NO;
				DEBUG_INFORMATION_FORMAT = "dwarf-with-dsym";
				ENABLE_NS_ASSERTIONS = NO;
				ENABLE_STRICT_OBJC_MSGSEND = YES;
				GCC_C_LANGUAGE_STANDARD = gnu11;
				GCC_NO_COMMON_BLOCKS = YES;
				GCC_WARN_64_TO_32_BIT_CONVERSION = YES;
				GCC_WARN_ABOUT_RETURN_TYPE = YES_ERROR;
				GCC_WARN_UNDECLARED_SELECTOR = YES;
				GCC_WARN_UNINITIALIZED_AUTOS = YES_AGGRESSIVE;
				GCC_WARN_UNUSED_FUNCTION = YES;
				GCC_WARN_UNUSED_VARIABLE = YES;
				IPHONEOS_DEPLOYMENT_TARGET = 14.5;
				MTL_ENABLE_DEBUG_INFO = NO;
				MTL_FAST_MATH = YES;
				SDKROOT = iphoneos;
				SWIFT_COMPILATION_MODE = wholemodule;
				SWIFT_OPTIMIZATION_LEVEL = "-O";
				VALIDATE_PRODUCT = YES;
			};
			name = Release;
		};
		D631767326F6801700C6316C /* Debug */ = {
			isa = XCBuildConfiguration;
			buildSettings = {
				ASSETCATALOG_COMPILER_APPICON_NAME = AppIcon;
				ASSETCATALOG_COMPILER_GLOBAL_ACCENT_COLOR_NAME = AccentColor;
				CODE_SIGN_STYLE = Automatic;
				DEVELOPMENT_TEAM = 87JBRRQS37;
				INFOPLIST_FILE = "Le Baluchon (P.9)/Info.plist";
				LD_RUNPATH_SEARCH_PATHS = (
					"$(inherited)",
					"@executable_path/Frameworks",
				);
				PRODUCT_BUNDLE_IDENTIFIER = "com.fardiissihaka.Le-Baluchon--P-9-";
				PRODUCT_NAME = "$(TARGET_NAME)";
				SWIFT_VERSION = 5.0;
				TARGETED_DEVICE_FAMILY = "1,2";
			};
			name = Debug;
		};
		D631767426F6801700C6316C /* Release */ = {
			isa = XCBuildConfiguration;
			buildSettings = {
				ASSETCATALOG_COMPILER_APPICON_NAME = AppIcon;
				ASSETCATALOG_COMPILER_GLOBAL_ACCENT_COLOR_NAME = AccentColor;
				CODE_SIGN_STYLE = Automatic;
				DEVELOPMENT_TEAM = 87JBRRQS37;
				INFOPLIST_FILE = "Le Baluchon (P.9)/Info.plist";
				LD_RUNPATH_SEARCH_PATHS = (
					"$(inherited)",
					"@executable_path/Frameworks",
				);
				PRODUCT_BUNDLE_IDENTIFIER = "com.fardiissihaka.Le-Baluchon--P-9-";
				PRODUCT_NAME = "$(TARGET_NAME)";
				SWIFT_VERSION = 5.0;
				TARGETED_DEVICE_FAMILY = "1,2";
			};
			name = Release;
		};
		D631767626F6801700C6316C /* Debug */ = {
			isa = XCBuildConfiguration;
			buildSettings = {
				ALWAYS_EMBED_SWIFT_STANDARD_LIBRARIES = YES;
				BUNDLE_LOADER = "$(TEST_HOST)";
				CODE_SIGN_STYLE = Automatic;
				DEVELOPMENT_TEAM = 87JBRRQS37;
				INFOPLIST_FILE = "Le Baluchon (P.9)Tests/Info.plist";
				IPHONEOS_DEPLOYMENT_TARGET = 14.5;
				LD_RUNPATH_SEARCH_PATHS = (
					"$(inherited)",
					"@executable_path/Frameworks",
					"@loader_path/Frameworks",
				);
				PRODUCT_BUNDLE_IDENTIFIER = "com.fardiissihaka.Le-Baluchon--P-9-Tests";
				PRODUCT_NAME = "$(TARGET_NAME)";
				SWIFT_VERSION = 5.0;
				TARGETED_DEVICE_FAMILY = "1,2";
				TEST_HOST = "$(BUILT_PRODUCTS_DIR)/Le Baluchon (P.9).app/Le Baluchon (P.9)";
			};
			name = Debug;
		};
		D631767726F6801700C6316C /* Release */ = {
			isa = XCBuildConfiguration;
			buildSettings = {
				ALWAYS_EMBED_SWIFT_STANDARD_LIBRARIES = YES;
				BUNDLE_LOADER = "$(TEST_HOST)";
				CODE_SIGN_STYLE = Automatic;
				DEVELOPMENT_TEAM = 87JBRRQS37;
				INFOPLIST_FILE = "Le Baluchon (P.9)Tests/Info.plist";
				IPHONEOS_DEPLOYMENT_TARGET = 14.5;
				LD_RUNPATH_SEARCH_PATHS = (
					"$(inherited)",
					"@executable_path/Frameworks",
					"@loader_path/Frameworks",
				);
				PRODUCT_BUNDLE_IDENTIFIER = "com.fardiissihaka.Le-Baluchon--P-9-Tests";
				PRODUCT_NAME = "$(TARGET_NAME)";
				SWIFT_VERSION = 5.0;
				TARGETED_DEVICE_FAMILY = "1,2";
				TEST_HOST = "$(BUILT_PRODUCTS_DIR)/Le Baluchon (P.9).app/Le Baluchon (P.9)";
			};
			name = Release;
		};
		D631767926F6801700C6316C /* Debug */ = {
			isa = XCBuildConfiguration;
			buildSettings = {
				ALWAYS_EMBED_SWIFT_STANDARD_LIBRARIES = YES;
				CODE_SIGN_STYLE = Automatic;
				DEVELOPMENT_TEAM = 87JBRRQS37;
				INFOPLIST_FILE = "Le Baluchon (P.9)UITests/Info.plist";
				LD_RUNPATH_SEARCH_PATHS = (
					"$(inherited)",
					"@executable_path/Frameworks",
					"@loader_path/Frameworks",
				);
				PRODUCT_BUNDLE_IDENTIFIER = "com.fardiissihaka.Le-Baluchon--P-9-UITests";
				PRODUCT_NAME = "$(TARGET_NAME)";
				SWIFT_VERSION = 5.0;
				TARGETED_DEVICE_FAMILY = "1,2";
				TEST_TARGET_NAME = "Le Baluchon (P.9)";
			};
			name = Debug;
		};
		D631767A26F6801700C6316C /* Release */ = {
			isa = XCBuildConfiguration;
			buildSettings = {
				ALWAYS_EMBED_SWIFT_STANDARD_LIBRARIES = YES;
				CODE_SIGN_STYLE = Automatic;
				DEVELOPMENT_TEAM = 87JBRRQS37;
				INFOPLIST_FILE = "Le Baluchon (P.9)UITests/Info.plist";
				LD_RUNPATH_SEARCH_PATHS = (
					"$(inherited)",
					"@executable_path/Frameworks",
					"@loader_path/Frameworks",
				);
				PRODUCT_BUNDLE_IDENTIFIER = "com.fardiissihaka.Le-Baluchon--P-9-UITests";
				PRODUCT_NAME = "$(TARGET_NAME)";
				SWIFT_VERSION = 5.0;
				TARGETED_DEVICE_FAMILY = "1,2";
				TEST_TARGET_NAME = "Le Baluchon (P.9)";
			};
			name = Release;
		};
/* End XCBuildConfiguration section */

/* Begin XCConfigurationList section */
		D631764326F6801500C6316C /* Build configuration list for PBXProject "Le Baluchon (P.9)" */ = {
			isa = XCConfigurationList;
			buildConfigurations = (
				D631767026F6801700C6316C /* Debug */,
				D631767126F6801700C6316C /* Release */,
			);
			defaultConfigurationIsVisible = 0;
			defaultConfigurationName = Release;
		};
		D631767226F6801700C6316C /* Build configuration list for PBXNativeTarget "Le Baluchon (P.9)" */ = {
			isa = XCConfigurationList;
			buildConfigurations = (
				D631767326F6801700C6316C /* Debug */,
				D631767426F6801700C6316C /* Release */,
			);
			defaultConfigurationIsVisible = 0;
			defaultConfigurationName = Release;
		};
		D631767526F6801700C6316C /* Build configuration list for PBXNativeTarget "Le Baluchon (P.9)Tests" */ = {
			isa = XCConfigurationList;
			buildConfigurations = (
				D631767626F6801700C6316C /* Debug */,
				D631767726F6801700C6316C /* Release */,
			);
			defaultConfigurationIsVisible = 0;
			defaultConfigurationName = Release;
		};
		D631767826F6801700C6316C /* Build configuration list for PBXNativeTarget "Le Baluchon (P.9)UITests" */ = {
			isa = XCConfigurationList;
			buildConfigurations = (
				D631767926F6801700C6316C /* Debug */,
				D631767A26F6801700C6316C /* Release */,
			);
			defaultConfigurationIsVisible = 0;
			defaultConfigurationName = Release;
		};
/* End XCConfigurationList section */
	};
	rootObject = D631764026F6801500C6316C /* Project object */;
}
